
Microsoft Visual Studio Solution File, Format Version 12.00
# Visual Studio Version 17
VisualStudioVersion = 17.8.34601.278
MinimumVisualStudioVersion = 10.0.40219.1
Project("{FAE04EC0-301F-11D3-BF4B-00C04F79EFBC}") = "Nintendo_Land", "Nintendo_Land\Nintendo_Land.csproj", "{7A423A3E-E0AE-460D-B3AE-A377238C6381}"
EndProject
Global
	GlobalSection(SolutionConfigurationPlatforms) = preSolution
		Debug|Any CPU = Debug|Any CPU
		Release|Any CPU = Release|Any CPU
	EndGlobalSection
	GlobalSection(ProjectConfigurationPlatforms) = postSolution
		{7A423A3E-E0AE-460D-B3AE-A377238C6381}.Debug|Any CPU.ActiveCfg = Debug|Any CPU
		{7A423A3E-E0AE-460D-B3AE-A377238C6381}.Debug|Any CPU.Build.0 = Debug|Any CPU
		{7A423A3E-E0AE-460D-B3AE-A377238C6381}.Release|Any CPU.ActiveCfg = Release|Any CPU
		{7A423A3E-E0AE-460D-B3AE-A377238C6381}.Release|Any CPU.Build.0 = Release|Any CPU
	EndGlobalSection
	GlobalSection(SolutionProperties) = preSolution
		HideSolutionNode = FALSE
	EndGlobalSection
	GlobalSection(ExtensibilityGlobals) = postSolution
		SolutionGuid = {0DF7701A-945B-4F5D-931A-9CFB7866CF15}
	EndGlobalSection
EndGlobal
